
Microsoft Visual Studio Solution File, Format Version 12.00
# Visual Studio Version 16
VisualStudioVersion = 16.0.31019.35
MinimumVisualStudioVersion = 10.0.40219.1
Project("{FAE04EC0-301F-11D3-BF4B-00C04F79EFBC}") = "OnamaeMail", "OnamaeMail\OnamaeMail.csproj", "{D4E792FA-4403-4664-A206-C132D43CBE20}"
EndProject
Global
	GlobalSection(SolutionConfigurationPlatforms) = preSolution
		Debug|Any CPU = Debug|Any CPU
		Release|Any CPU = Release|Any CPU
	EndGlobalSection
	GlobalSection(ProjectConfigurationPlatforms) = postSolution
		{D4E792FA-4403-4664-A206-C132D43CBE20}.Debug|Any CPU.ActiveCfg = Debug|Any CPU
		{D4E792FA-4403-4664-A206-C132D43CBE20}.Debug|Any CPU.Build.0 = Debug|Any CPU
		{D4E792FA-4403-4664-A206-C132D43CBE20}.Release|Any CPU.ActiveCfg = Release|Any CPU
		{D4E792FA-4403-4664-A206-C132D43CBE20}.Release|Any CPU.Build.0 = Release|Any CPU
	EndGlobalSection
	GlobalSection(SolutionProperties) = preSolution
		HideSolutionNode = FALSE
	EndGlobalSection
	GlobalSection(ExtensibilityGlobals) = postSolution
		SolutionGuid = {325C7FE0-A554-478D-86D2-98573F1DC646}
	EndGlobalSection
EndGlobal
